// !$*UTF8*$!
{
	archiveVersion = 1;
	classes = {
	};
	objectVersion = 56;
	objects = {

/* Begin PBXBuildFile section */
		0C26B490296A62280021D327 /* LazyHGridTest.swift in Sources */ = {isa = PBXBuildFile; fileRef = 0C26B48F296A62280021D327 /* LazyHGridTest.swift */; };
		0C26B492296AE93B0021D327 /* Hstakc.swift in Sources */ = {isa = PBXBuildFile; fileRef = 0C26B491296AE93B0021D327 /* Hstakc.swift */; };
		0C26B494296BA14E0021D327 /* ListTest.swift in Sources */ = {isa = PBXBuildFile; fileRef = 0C26B493296BA14E0021D327 /* ListTest.swift */; };
		0C26B496296BD76A0021D327 /* ListTETS.swift in Sources */ = {isa = PBXBuildFile; fileRef = 0C26B495296BD76A0021D327 /* ListTETS.swift */; };
		0C30E02F295ADA660010D481 /* SampleData.swift in Sources */ = {isa = PBXBuildFile; fileRef = 0C30E02E295ADA660010D481 /* SampleData.swift */; };
		0C30E031295B461E0010D481 /* ColonDelimitedTimeDivider.swift in Sources */ = {isa = PBXBuildFile; fileRef = 0C30E030295B461E0010D481 /* ColonDelimitedTimeDivider.swift */; };
		0C3D79C1295FF04C00C2F741 /* TimeBoxView.swift in Sources */ = {isa = PBXBuildFile; fileRef = 0C3D79C0295FF04C00C2F741 /* TimeBoxView.swift */; };
		0C3D79C3295FF07800C2F741 /* DraggableTimeBoxView.swift in Sources */ = {isa = PBXBuildFile; fileRef = 0C3D79C2295FF07800C2F741 /* DraggableTimeBoxView.swift */; };
		0C3D79C5295FFCCC00C2F741 /* DraggableTimeBoxTimeIndicatorView.swift in Sources */ = {isa = PBXBuildFile; fileRef = 0C3D79C4295FFCCC00C2F741 /* DraggableTimeBoxTimeIndicatorView.swift */; };
		0C3D79C829607C1F00C2F741 /* DraggableTimeBoxTimeSliderView.swift in Sources */ = {isa = PBXBuildFile; fileRef = 0C3D79C729607C1F00C2F741 /* DraggableTimeBoxTimeSliderView.swift */; };
		0C3D79CD296111E400C2F741 /* TimeTEST.swift in Sources */ = {isa = PBXBuildFile; fileRef = 0C3D79CC296111E400C2F741 /* TimeTEST.swift */; };
		0C3D79CF296267C100C2F741 /* SwiftUIView.swift in Sources */ = {isa = PBXBuildFile; fileRef = 0C3D79CE296267C100C2F741 /* SwiftUIView.swift */; };
		0C3D79D12962718D00C2F741 /* TaskDetailView.swift in Sources */ = {isa = PBXBuildFile; fileRef = 0C3D79D02962718D00C2F741 /* TaskDetailView.swift */; };
		0C42036B296BFA9900FB114E /* ListBackgound.swift in Sources */ = {isa = PBXBuildFile; fileRef = 0C42036A296BFA9900FB114E /* ListBackgound.swift */; };
		0C42036D296C23FA00FB114E /* ScrollViewTEST.swift in Sources */ = {isa = PBXBuildFile; fileRef = 0C42036C296C23FA00FB114E /* ScrollViewTEST.swift */; };
		0C420370296EF39F00FB114E /* TaskDetailStepView.swift in Sources */ = {isa = PBXBuildFile; fileRef = 0C42036F296EF39F00FB114E /* TaskDetailStepView.swift */; };
		0C420372296F739500FB114E /* TaskDetailTitleView.swift in Sources */ = {isa = PBXBuildFile; fileRef = 0C420371296F739500FB114E /* TaskDetailTitleView.swift */; };
		0C420374296F73EC00FB114E /* TaskDetailDateTimeView.swift in Sources */ = {isa = PBXBuildFile; fileRef = 0C420373296F73EC00FB114E /* TaskDetailDateTimeView.swift */; };
		0C4203762978AFF900FB114E /* DateExtention.swift in Sources */ = {isa = PBXBuildFile; fileRef = 0C4203752978AFF900FB114E /* DateExtention.swift */; };
		0C4892E9296A502100235985 /* ButtonStyles.swift in Sources */ = {isa = PBXBuildFile; fileRef = 0C4892E8296A502100235985 /* ButtonStyles.swift */; };
		0C7377B02956DD1200B80606 /* dailyCalenderApp.swift in Sources */ = {isa = PBXBuildFile; fileRef = 0C7377AF2956DD1200B80606 /* dailyCalenderApp.swift */; };
		0C7377B22956DD1200B80606 /* DailyCalenderView.swift in Sources */ = {isa = PBXBuildFile; fileRef = 0C7377B12956DD1200B80606 /* DailyCalenderView.swift */; };
		0C7377B42956DD1300B80606 /* Assets.xcassets in Resources */ = {isa = PBXBuildFile; fileRef = 0C7377B32956DD1300B80606 /* Assets.xcassets */; };
		0C7377B82956DD1300B80606 /* Preview Assets.xcassets in Resources */ = {isa = PBXBuildFile; fileRef = 0C7377B72956DD1300B80606 /* Preview Assets.xcassets */; };
/* End PBXBuildFile section */

/* Begin PBXFileReference section */
		0C26B48F296A62280021D327 /* LazyHGridTest.swift */ = {isa = PBXFileReference; lastKnownFileType = sourcecode.swift; path = LazyHGridTest.swift; sourceTree = "<group>"; };
		0C26B491296AE93B0021D327 /* Hstakc.swift */ = {isa = PBXFileReference; lastKnownFileType = sourcecode.swift; path = Hstakc.swift; sourceTree = "<group>"; };
		0C26B493296BA14E0021D327 /* ListTest.swift */ = {isa = PBXFileReference; lastKnownFileType = sourcecode.swift; path = ListTest.swift; sourceTree = "<group>"; };
		0C26B495296BD76A0021D327 /* ListTETS.swift */ = {isa = PBXFileReference; lastKnownFileType = sourcecode.swift; path = ListTETS.swift; sourceTree = "<group>"; };
		0C30E02E295ADA660010D481 /* SampleData.swift */ = {isa = PBXFileReference; lastKnownFileType = sourcecode.swift; path = SampleData.swift; sourceTree = "<group>"; };
		0C30E030295B461E0010D481 /* ColonDelimitedTimeDivider.swift */ = {isa = PBXFileReference; lastKnownFileType = sourcecode.swift; path = ColonDelimitedTimeDivider.swift; sourceTree = "<group>"; };
		0C3D79C0295FF04C00C2F741 /* TimeBoxView.swift */ = {isa = PBXFileReference; lastKnownFileType = sourcecode.swift; path = TimeBoxView.swift; sourceTree = "<group>"; };
		0C3D79C2295FF07800C2F741 /* DraggableTimeBoxView.swift */ = {isa = PBXFileReference; lastKnownFileType = sourcecode.swift; path = DraggableTimeBoxView.swift; sourceTree = "<group>"; };
		0C3D79C4295FFCCC00C2F741 /* DraggableTimeBoxTimeIndicatorView.swift */ = {isa = PBXFileReference; lastKnownFileType = sourcecode.swift; path = DraggableTimeBoxTimeIndicatorView.swift; sourceTree = "<group>"; };
		0C3D79C729607C1F00C2F741 /* DraggableTimeBoxTimeSliderView.swift */ = {isa = PBXFileReference; lastKnownFileType = sourcecode.swift; path = DraggableTimeBoxTimeSliderView.swift; sourceTree = "<group>"; };
		0C3D79CC296111E400C2F741 /* TimeTEST.swift */ = {isa = PBXFileReference; lastKnownFileType = sourcecode.swift; path = TimeTEST.swift; sourceTree = "<group>"; };
		0C3D79CE296267C100C2F741 /* SwiftUIView.swift */ = {isa = PBXFileReference; lastKnownFileType = sourcecode.swift; path = SwiftUIView.swift; sourceTree = "<group>"; };
		0C3D79D02962718D00C2F741 /* TaskDetailView.swift */ = {isa = PBXFileReference; lastKnownFileType = sourcecode.swift; path = TaskDetailView.swift; sourceTree = "<group>"; };
		0C42036A296BFA9900FB114E /* ListBackgound.swift */ = {isa = PBXFileReference; lastKnownFileType = sourcecode.swift; path = ListBackgound.swift; sourceTree = "<group>"; };
		0C42036C296C23FA00FB114E /* ScrollViewTEST.swift */ = {isa = PBXFileReference; lastKnownFileType = sourcecode.swift; path = ScrollViewTEST.swift; sourceTree = "<group>"; };
		0C42036F296EF39F00FB114E /* TaskDetailStepView.swift */ = {isa = PBXFileReference; lastKnownFileType = sourcecode.swift; path = TaskDetailStepView.swift; sourceTree = "<group>"; };
		0C420371296F739500FB114E /* TaskDetailTitleView.swift */ = {isa = PBXFileReference; lastKnownFileType = sourcecode.swift; path = TaskDetailTitleView.swift; sourceTree = "<group>"; };
		0C420373296F73EC00FB114E /* TaskDetailDateTimeView.swift */ = {isa = PBXFileReference; lastKnownFileType = sourcecode.swift; path = TaskDetailDateTimeView.swift; sourceTree = "<group>"; };
		0C4203752978AFF900FB114E /* DateExtention.swift */ = {isa = PBXFileReference; lastKnownFileType = sourcecode.swift; path = DateExtention.swift; sourceTree = "<group>"; };
		0C4892E8296A502100235985 /* ButtonStyles.swift */ = {isa = PBXFileReference; lastKnownFileType = sourcecode.swift; path = ButtonStyles.swift; sourceTree = "<group>"; };
		0C7377AC2956DD1200B80606 /* dailyCalender.app */ = {isa = PBXFileReference; explicitFileType = wrapper.application; includeInIndex = 0; path = dailyCalender.app; sourceTree = BUILT_PRODUCTS_DIR; };
		0C7377AF2956DD1200B80606 /* dailyCalenderApp.swift */ = {isa = PBXFileReference; lastKnownFileType = sourcecode.swift; path = dailyCalenderApp.swift; sourceTree = "<group>"; };
		0C7377B12956DD1200B80606 /* DailyCalenderView.swift */ = {isa = PBXFileReference; lastKnownFileType = sourcecode.swift; path = DailyCalenderView.swift; sourceTree = "<group>"; };
		0C7377B32956DD1300B80606 /* Assets.xcassets */ = {isa = PBXFileReference; lastKnownFileType = folder.assetcatalog; path = Assets.xcassets; sourceTree = "<group>"; };
		0C7377B52956DD1300B80606 /* dailyCalender.entitlements */ = {isa = PBXFileReference; lastKnownFileType = text.plist.entitlements; path = dailyCalender.entitlements; sourceTree = "<group>"; };
		0C7377B72956DD1300B80606 /* Preview Assets.xcassets */ = {isa = PBXFileReference; lastKnownFileType = folder.assetcatalog; path = "Preview Assets.xcassets"; sourceTree = "<group>"; };
/* End PBXFileReference section */

/* Begin PBXFrameworksBuildPhase section */
		0C7377A92956DD1200B80606 /* Frameworks */ = {
			isa = PBXFrameworksBuildPhase;
			buildActionMask = 2147483647;
			files = (
			);
			runOnlyForDeploymentPostprocessing = 0;
		};
/* End PBXFrameworksBuildPhase section */

/* Begin PBXGroup section */
		0C3D79BF295FF02A00C2F741 /* Calender */ = {
			isa = PBXGroup;
			children = (
				0C30E02E295ADA660010D481 /* SampleData.swift */,
				0C7377B12956DD1200B80606 /* DailyCalenderView.swift */,
				0C30E030295B461E0010D481 /* ColonDelimitedTimeDivider.swift */,
				0C3D79C92960ADA300C2F741 /* TimeBox */,
			);
			path = Calender;
			sourceTree = "<group>";
		};
		0C3D79C6295FFCFC00C2F741 /* DraggableTimeBox */ = {
			isa = PBXGroup;
			children = (
				0C3D79C2295FF07800C2F741 /* DraggableTimeBoxView.swift */,
				0C3D79C4295FFCCC00C2F741 /* DraggableTimeBoxTimeIndicatorView.swift */,
				0C3D79C729607C1F00C2F741 /* DraggableTimeBoxTimeSliderView.swift */,
			);
			path = DraggableTimeBox;
			sourceTree = "<group>";
		};
		0C3D79C92960ADA300C2F741 /* TimeBox */ = {
			isa = PBXGroup;
			children = (
				0C3D79C0295FF04C00C2F741 /* TimeBoxView.swift */,
				0C3D79CC296111E400C2F741 /* TimeTEST.swift */,
				0C3D79C6295FFCFC00C2F741 /* DraggableTimeBox */,
			);
			path = TimeBox;
			sourceTree = "<group>";
		};
		0C42036E296EDE3F00FB114E /* TaskDetail */ = {
			isa = PBXGroup;
			children = (
				0C3D79D02962718D00C2F741 /* TaskDetailView.swift */,
				0C420371296F739500FB114E /* TaskDetailTitleView.swift */,
				0C420373296F73EC00FB114E /* TaskDetailDateTimeView.swift */,
				0C42036F296EF39F00FB114E /* TaskDetailStepView.swift */,
			);
			path = TaskDetail;
			sourceTree = "<group>";
		};
		0C7377A32956DD1200B80606 = {
			isa = PBXGroup;
			children = (
				0C42036C296C23FA00FB114E /* ScrollViewTEST.swift */,
				0C42036A296BFA9900FB114E /* ListBackgound.swift */,
				0C26B491296AE93B0021D327 /* Hstakc.swift */,
				0C26B48F296A62280021D327 /* LazyHGridTest.swift */,
				0C26B493296BA14E0021D327 /* ListTest.swift */,
				0C26B495296BD76A0021D327 /* ListTETS.swift */,
				0C3D79CE296267C100C2F741 /* SwiftUIView.swift */,
				0C7377AE2956DD1200B80606 /* dailyCalender */,
				0C7377AD2956DD1200B80606 /* Products */,
			);
			sourceTree = "<group>";
		};
		0C7377AD2956DD1200B80606 /* Products */ = {
			isa = PBXGroup;
			children = (
				0C7377AC2956DD1200B80606 /* dailyCalender.app */,
			);
			name = Products;
			sourceTree = "<group>";
		};
		0C7377AE2956DD1200B80606 /* dailyCalender */ = {
			isa = PBXGroup;
			children = (
				0C4203752978AFF900FB114E /* DateExtention.swift */,
				0C7377AF2956DD1200B80606 /* dailyCalenderApp.swift */,
				0C4892E8296A502100235985 /* ButtonStyles.swift */,
				0C42036E296EDE3F00FB114E /* TaskDetail */,
				0C3D79BF295FF02A00C2F741 /* Calender */,
				0C7377B32956DD1300B80606 /* Assets.xcassets */,
				0C7377B52956DD1300B80606 /* dailyCalender.entitlements */,
				0C7377B62956DD1300B80606 /* Preview Content */,
			);
			path = dailyCalender;
			sourceTree = "<group>";
		};
		0C7377B62956DD1300B80606 /* Preview Content */ = {
			isa = PBXGroup;
			children = (
				0C7377B72956DD1300B80606 /* Preview Assets.xcassets */,
			);
			path = "Preview Content";
			sourceTree = "<group>";
		};
/* End PBXGroup section */

/* Begin PBXNativeTarget section */
		0C7377AB2956DD1200B80606 /* dailyCalender */ = {
			isa = PBXNativeTarget;
			buildConfigurationList = 0C7377BB2956DD1300B80606 /* Build configuration list for PBXNativeTarget "dailyCalender" */;
			buildPhases = (
				0C7377A82956DD1200B80606 /* Sources */,
				0C7377A92956DD1200B80606 /* Frameworks */,
				0C7377AA2956DD1200B80606 /* Resources */,
			);
			buildRules = (
			);
			dependencies = (
			);
			name = dailyCalender;
			productName = dailyCalender;
			productReference = 0C7377AC2956DD1200B80606 /* dailyCalender.app */;
			productType = "com.apple.product-type.application";
		};
/* End PBXNativeTarget section */

/* Begin PBXProject section */
		0C7377A42956DD1200B80606 /* Project object */ = {
			isa = PBXProject;
			attributes = {
				BuildIndependentTargetsInParallel = 1;
				LastSwiftUpdateCheck = 1410;
				LastUpgradeCheck = 1410;
				TargetAttributes = {
					0C7377AB2956DD1200B80606 = {
						CreatedOnToolsVersion = 14.1;
					};
				};
			};
			buildConfigurationList = 0C7377A72956DD1200B80606 /* Build configuration list for PBXProject "dailyCalender" */;
			compatibilityVersion = "Xcode 14.0";
			developmentRegion = en;
			hasScannedForEncodings = 0;
			knownRegions = (
				en,
				Base,
			);
			mainGroup = 0C7377A32956DD1200B80606;
			productRefGroup = 0C7377AD2956DD1200B80606 /* Products */;
			projectDirPath = "";
			projectRoot = "";
			targets = (
				0C7377AB2956DD1200B80606 /* dailyCalender */,
			);
		};
/* End PBXProject section */

/* Begin PBXResourcesBuildPhase section */
		0C7377AA2956DD1200B80606 /* Resources */ = {
			isa = PBXResourcesBuildPhase;
			buildActionMask = 2147483647;
			files = (
				0C7377B82956DD1300B80606 /* Preview Assets.xcassets in Resources */,
				0C7377B42956DD1300B80606 /* Assets.xcassets in Resources */,
			);
			runOnlyForDeploymentPostprocessing = 0;
		};
/* End PBXResourcesBuildPhase section */

/* Begin PBXSourcesBuildPhase section */
		0C7377A82956DD1200B80606 /* Sources */ = {
			isa = PBXSourcesBuildPhase;
			buildActionMask = 2147483647;
			files = (
				0C26B494296BA14E0021D327 /* ListTest.swift in Sources */,
				0C3D79C5295FFCCC00C2F741 /* DraggableTimeBoxTimeIndicatorView.swift in Sources */,
				0C42036B296BFA9900FB114E /* ListBackgound.swift in Sources */,
				0C4892E9296A502100235985 /* ButtonStyles.swift in Sources */,
				0C3D79C3295FF07800C2F741 /* DraggableTimeBoxView.swift in Sources */,
				0C3D79CD296111E400C2F741 /* TimeTEST.swift in Sources */,
				0C26B496296BD76A0021D327 /* ListTETS.swift in Sources */,
				0C30E031295B461E0010D481 /* ColonDelimitedTimeDivider.swift in Sources */,
				0C420374296F73EC00FB114E /* TaskDetailDateTimeView.swift in Sources */,
				0C3D79CF296267C100C2F741 /* SwiftUIView.swift in Sources */,
				0C3D79D12962718D00C2F741 /* TaskDetailView.swift in Sources */,
				0C3D79C829607C1F00C2F741 /* DraggableTimeBoxTimeSliderView.swift in Sources */,
				0C4203762978AFF900FB114E /* DateExtention.swift in Sources */,
				0C3D79C1295FF04C00C2F741 /* TimeBoxView.swift in Sources */,
				0C26B492296AE93B0021D327 /* Hstakc.swift in Sources */,
				0C7377B22956DD1200B80606 /* DailyCalenderView.swift in Sources */,
				0C26B490296A62280021D327 /* LazyHGridTest.swift in Sources */,
				0C42036D296C23FA00FB114E /* ScrollViewTEST.swift in Sources */,
				0C420372296F739500FB114E /* TaskDetailTitleView.swift in Sources */,
				0C420370296EF39F00FB114E /* TaskDetailStepView.swift in Sources */,
				0C30E02F295ADA660010D481 /* SampleData.swift in Sources */,
				0C7377B02956DD1200B80606 /* dailyCalenderApp.swift in Sources */,
			);
			runOnlyForDeploymentPostprocessing = 0;
		};
/* End PBXSourcesBuildPhase section */

/* Begin XCBuildConfiguration section */
		0C7377B92956DD1300B80606 /* Debug */ = {
			isa = XCBuildConfiguration;
			buildSettings = {
				ALWAYS_SEARCH_USER_PATHS = NO;
				CLANG_ANALYZER_NONNULL = YES;
				CLANG_ANALYZER_NUMBER_OBJECT_CONVERSION = YES_AGGRESSIVE;
				CLANG_CXX_LANGUAGE_STANDARD = "gnu++20";
				CLANG_ENABLE_MODULES = YES;
				CLANG_ENABLE_OBJC_ARC = YES;
				CLANG_ENABLE_OBJC_WEAK = YES;
				CLANG_WARN_BLOCK_CAPTURE_AUTORELEASING = YES;
				CLANG_WARN_BOOL_CONVERSION = YES;
				CLANG_WARN_COMMA = YES;
				CLANG_WARN_CONSTANT_CONVERSION = YES;
				CLANG_WARN_DEPRECATED_OBJC_IMPLEMENTATIONS = YES;
				CLANG_WARN_DIRECT_OBJC_ISA_USAGE = YES_ERROR;
				CLANG_WARN_DOCUMENTATION_COMMENTS = YES;
				CLANG_WARN_EMPTY_BODY = YES;
				CLANG_WARN_ENUM_CONVERSION = YES;
				CLANG_WARN_INFINITE_RECURSION = YES;
				CLANG_WARN_INT_CONVERSION = YES;
				CLANG_WARN_NON_LITERAL_NULL_CONVERSION = YES;
				CLANG_WARN_OBJC_IMPLICIT_RETAIN_SELF = YES;
				CLANG_WARN_OBJC_LITERAL_CONVERSION = YES;
				CLANG_WARN_OBJC_ROOT_CLASS = YES_ERROR;
				CLANG_WARN_QUOTED_INCLUDE_IN_FRAMEWORK_HEADER = YES;
				CLANG_WARN_RANGE_LOOP_ANALYSIS = YES;
				CLANG_WARN_STRICT_PROTOTYPES = YES;
				CLANG_WARN_SUSPICIOUS_MOVE = YES;
				CLANG_WARN_UNGUARDED_AVAILABILITY = YES_AGGRESSIVE;
				CLANG_WARN_UNREACHABLE_CODE = YES;
				CLANG_WARN__DUPLICATE_METHOD_MATCH = YES;
				COPY_PHASE_STRIP = NO;
				DEBUG_INFORMATION_FORMAT = dwarf;
				ENABLE_STRICT_OBJC_MSGSEND = YES;
				ENABLE_TESTABILITY = YES;
				GCC_C_LANGUAGE_STANDARD = gnu11;
				GCC_DYNAMIC_NO_PIC = NO;
				GCC_NO_COMMON_BLOCKS = YES;
				GCC_OPTIMIZATION_LEVEL = 0;
				GCC_PREPROCESSOR_DEFINITIONS = (
					"DEBUG=1",
					"$(inherited)",
				);
				GCC_WARN_64_TO_32_BIT_CONVERSION = YES;
				GCC_WARN_ABOUT_RETURN_TYPE = YES_ERROR;
				GCC_WARN_UNDECLARED_SELECTOR = YES;
				GCC_WARN_UNINITIALIZED_AUTOS = YES_AGGRESSIVE;
				GCC_WARN_UNUSED_FUNCTION = YES;
				GCC_WARN_UNUSED_VARIABLE = YES;
				MTL_ENABLE_DEBUG_INFO = INCLUDE_SOURCE;
				MTL_FAST_MATH = YES;
				ONLY_ACTIVE_ARCH = YES;
				SWIFT_ACTIVE_COMPILATION_CONDITIONS = DEBUG;
				SWIFT_OPTIMIZATION_LEVEL = "-Onone";
			};
			name = Debug;
		};
		0C7377BA2956DD1300B80606 /* Release */ = {
			isa = XCBuildConfiguration;
			buildSettings = {
				ALWAYS_SEARCH_USER_PATHS = NO;
				CLANG_ANALYZER_NONNULL = YES;
				CLANG_ANALYZER_NUMBER_OBJECT_CONVERSION = YES_AGGRESSIVE;
				CLANG_CXX_LANGUAGE_STANDARD = "gnu++20";
				CLANG_ENABLE_MODULES = YES;
				CLANG_ENABLE_OBJC_ARC = YES;
				CLANG_ENABLE_OBJC_WEAK = YES;
				CLANG_WARN_BLOCK_CAPTURE_AUTORELEASING = YES;
				CLANG_WARN_BOOL_CONVERSION = YES;
				CLANG_WARN_COMMA = YES;
				CLANG_WARN_CONSTANT_CONVERSION = YES;
				CLANG_WARN_DEPRECATED_OBJC_IMPLEMENTATIONS = YES;
				CLANG_WARN_DIRECT_OBJC_ISA_USAGE = YES_ERROR;
				CLANG_WARN_DOCUMENTATION_COMMENTS = YES;
				CLANG_WARN_EMPTY_BODY = YES;
				CLANG_WARN_ENUM_CONVERSION = YES;
				CLANG_WARN_INFINITE_RECURSION = YES;
				CLANG_WARN_INT_CONVERSION = YES;
				CLANG_WARN_NON_LITERAL_NULL_CONVERSION = YES;
				CLANG_WARN_OBJC_IMPLICIT_RETAIN_SELF = YES;
				CLANG_WARN_OBJC_LITERAL_CONVERSION = YES;
				CLANG_WARN_OBJC_ROOT_CLASS = YES_ERROR;
				CLANG_WARN_QUOTED_INCLUDE_IN_FRAMEWORK_HEADER = YES;
				CLANG_WARN_RANGE_LOOP_ANALYSIS = YES;
				CLANG_WARN_STRICT_PROTOTYPES = YES;
				CLANG_WARN_SUSPICIOUS_MOVE = YES;
				CLANG_WARN_UNGUARDED_AVAILABILITY = YES_AGGRESSIVE;
				CLANG_WARN_UNREACHABLE_CODE = YES;
				CLANG_WARN__DUPLICATE_METHOD_MATCH = YES;
				COPY_PHASE_STRIP = NO;
				DEBUG_INFORMATION_FORMAT = "dwarf-with-dsym";
				ENABLE_NS_ASSERTIONS = NO;
				ENABLE_STRICT_OBJC_MSGSEND = YES;
				GCC_C_LANGUAGE_STANDARD = gnu11;
				GCC_NO_COMMON_BLOCKS = YES;
				GCC_WARN_64_TO_32_BIT_CONVERSION = YES;
				GCC_WARN_ABOUT_RETURN_TYPE = YES_ERROR;
				GCC_WARN_UNDECLARED_SELECTOR = YES;
				GCC_WARN_UNINITIALIZED_AUTOS = YES_AGGRESSIVE;
				GCC_WARN_UNUSED_FUNCTION = YES;
				GCC_WARN_UNUSED_VARIABLE = YES;
				MTL_ENABLE_DEBUG_INFO = NO;
				MTL_FAST_MATH = YES;
				SWIFT_COMPILATION_MODE = wholemodule;
				SWIFT_OPTIMIZATION_LEVEL = "-O";
			};
			name = Release;
		};
		0C7377BC2956DD1300B80606 /* Debug */ = {
			isa = XCBuildConfiguration;
			buildSettings = {
				ASSETCATALOG_COMPILER_APPICON_NAME = AppIcon;
				ASSETCATALOG_COMPILER_GLOBAL_ACCENT_COLOR_NAME = AccentColor;
				CODE_SIGN_ENTITLEMENTS = dailyCalender/dailyCalender.entitlements;
				CODE_SIGN_STYLE = Automatic;
				CURRENT_PROJECT_VERSION = 1;
				DEVELOPMENT_ASSET_PATHS = "\"dailyCalender/Preview Content\"";
				DEVELOPMENT_TEAM = 38MT9LSMPC;
				ENABLE_HARDENED_RUNTIME = YES;
				ENABLE_PREVIEWS = YES;
				GENERATE_INFOPLIST_FILE = YES;
				"INFOPLIST_KEY_UIApplicationSceneManifest_Generation[sdk=iphoneos*]" = YES;
				"INFOPLIST_KEY_UIApplicationSceneManifest_Generation[sdk=iphonesimulator*]" = YES;
				"INFOPLIST_KEY_UIApplicationSupportsIndirectInputEvents[sdk=iphoneos*]" = YES;
				"INFOPLIST_KEY_UIApplicationSupportsIndirectInputEvents[sdk=iphonesimulator*]" = YES;
				"INFOPLIST_KEY_UILaunchScreen_Generation[sdk=iphoneos*]" = YES;
				"INFOPLIST_KEY_UILaunchScreen_Generation[sdk=iphonesimulator*]" = YES;
				"INFOPLIST_KEY_UIStatusBarStyle[sdk=iphoneos*]" = UIStatusBarStyleDefault;
				"INFOPLIST_KEY_UIStatusBarStyle[sdk=iphonesimulator*]" = UIStatusBarStyleDefault;
				INFOPLIST_KEY_UISupportedInterfaceOrientations_iPad = "UIInterfaceOrientationPortrait UIInterfaceOrientationPortraitUpsideDown UIInterfaceOrientationLandscapeLeft UIInterfaceOrientationLandscapeRight";
				INFOPLIST_KEY_UISupportedInterfaceOrientations_iPhone = "UIInterfaceOrientationPortrait UIInterfaceOrientationLandscapeLeft UIInterfaceOrientationLandscapeRight";
				IPHONEOS_DEPLOYMENT_TARGET = 16.1;
				LD_RUNPATH_SEARCH_PATHS = "@executable_path/Frameworks";
				"LD_RUNPATH_SEARCH_PATHS[sdk=macosx*]" = "@executable_path/../Frameworks";
				MACOSX_DEPLOYMENT_TARGET = 13.0;
				MARKETING_VERSION = 1.0;
				PRODUCT_BUNDLE_IDENTIFIER = com.tsonobe.dailyCalender;
				PRODUCT_NAME = "$(TARGET_NAME)";
				SDKROOT = auto;
				SUPPORTED_PLATFORMS = "iphoneos iphonesimulator macosx";
				SUPPORTS_MACCATALYST = YES;
				SUPPORTS_MAC_DESIGNED_FOR_IPHONE_IPAD = NO;
				SWIFT_EMIT_LOC_STRINGS = YES;
				SWIFT_VERSION = 5.0;
				TARGETED_DEVICE_FAMILY = "1,2";
			};
			name = Debug;
		};
		0C7377BD2956DD1300B80606 /* Release */ = {
			isa = XCBuildConfiguration;
			buildSettings = {
				ASSETCATALOG_COMPILER_APPICON_NAME = AppIcon;
				ASSETCATALOG_COMPILER_GLOBAL_ACCENT_COLOR_NAME = AccentColor;
				CODE_SIGN_ENTITLEMENTS = dailyCalender/dailyCalender.entitlements;
				CODE_SIGN_STYLE = Automatic;
				CURRENT_PROJECT_VERSION = 1;
				DEVELOPMENT_ASSET_PATHS = "\"dailyCalender/Preview Content\"";
				DEVELOPMENT_TEAM = 38MT9LSMPC;
				ENABLE_HARDENED_RUNTIME = YES;
				ENABLE_PREVIEWS = YES;
				GENERATE_INFOPLIST_FILE = YES;
				"INFOPLIST_KEY_UIApplicationSceneManifest_Generation[sdk=iphoneos*]" = YES;
				"INFOPLIST_KEY_UIApplicationSceneManifest_Generation[sdk=iphonesimulator*]" = YES;
				"INFOPLIST_KEY_UIApplicationSupportsIndirectInputEvents[sdk=iphoneos*]" = YES;
				"INFOPLIST_KEY_UIApplicationSupportsIndirectInputEvents[sdk=iphonesimulator*]" = YES;
				"INFOPLIST_KEY_UILaunchScreen_Generation[sdk=iphoneos*]" = YES;
				"INFOPLIST_KEY_UILaunchScreen_Generation[sdk=iphonesimulator*]" = YES;
				"INFOPLIST_KEY_UIStatusBarStyle[sdk=iphoneos*]" = UIStatusBarStyleDefault;
				"INFOPLIST_KEY_UIStatusBarStyle[sdk=iphonesimulator*]" = UIStatusBarStyleDefault;
				INFOPLIST_KEY_UISupportedInterfaceOrientations_iPad = "UIInterfaceOrientationPortrait UIInterfaceOrientationPortraitUpsideDown UIInterfaceOrientationLandscapeLeft UIInterfaceOrientationLandscapeRight";
				INFOPLIST_KEY_UISupportedInterfaceOrientations_iPhone = "UIInterfaceOrientationPortrait UIInterfaceOrientationLandscapeLeft UIInterfaceOrientationLandscapeRight";
				IPHONEOS_DEPLOYMENT_TARGET = 16.1;
				LD_RUNPATH_SEARCH_PATHS = "@executable_path/Frameworks";
				"LD_RUNPATH_SEARCH_PATHS[sdk=macosx*]" = "@executable_path/../Frameworks";
				MACOSX_DEPLOYMENT_TARGET = 13.0;
				MARKETING_VERSION = 1.0;
				PRODUCT_BUNDLE_IDENTIFIER = com.tsonobe.dailyCalender;
				PRODUCT_NAME = "$(TARGET_NAME)";
				SDKROOT = auto;
				SUPPORTED_PLATFORMS = "iphoneos iphonesimulator macosx";
				SUPPORTS_MACCATALYST = YES;
				SUPPORTS_MAC_DESIGNED_FOR_IPHONE_IPAD = NO;
				SWIFT_EMIT_LOC_STRINGS = YES;
				SWIFT_VERSION = 5.0;
				TARGETED_DEVICE_FAMILY = "1,2";
			};
			name = Release;
		};
/* End XCBuildConfiguration section */

/* Begin XCConfigurationList section */
		0C7377A72956DD1200B80606 /* Build configuration list for PBXProject "dailyCalender" */ = {
			isa = XCConfigurationList;
			buildConfigurations = (
				0C7377B92956DD1300B80606 /* Debug */,
				0C7377BA2956DD1300B80606 /* Release */,
			);
			defaultConfigurationIsVisible = 0;
			defaultConfigurationName = Release;
		};
		0C7377BB2956DD1300B80606 /* Build configuration list for PBXNativeTarget "dailyCalender" */ = {
			isa = XCConfigurationList;
			buildConfigurations = (
				0C7377BC2956DD1300B80606 /* Debug */,
				0C7377BD2956DD1300B80606 /* Release */,
			);
			defaultConfigurationIsVisible = 0;
			defaultConfigurationName = Release;
		};
/* End XCConfigurationList section */
	};
	rootObject = 0C7377A42956DD1200B80606 /* Project object */;
}
